
Microsoft Visual Studio Solution File, Format Version 12.00
# Visual Studio Version 16
VisualStudioVersion = 16.0.30711.63
MinimumVisualStudioVersion = 10.0.40219.1
Project("{9A19103F-16F7-4668-BE54-9A1E7A4F7556}") = "EasySave", "EasySave.csproj", "{B368B6BC-46DD-4994-88ED-D934F048A931}"
EndProject
Global
	GlobalSection(SolutionConfigurationPlatforms) = preSolution
		Debug|Any CPU = Debug|Any CPU
		Release|Any CPU = Release|Any CPU
	EndGlobalSection
	GlobalSection(ProjectConfigurationPlatforms) = postSolution
		{B368B6BC-46DD-4994-88ED-D934F048A931}.Debug|Any CPU.ActiveCfg = Debug|Any CPU
		{B368B6BC-46DD-4994-88ED-D934F048A931}.Debug|Any CPU.Build.0 = Debug|Any CPU
		{B368B6BC-46DD-4994-88ED-D934F048A931}.Release|Any CPU.ActiveCfg = Release|Any CPU
		{B368B6BC-46DD-4994-88ED-D934F048A931}.Release|Any CPU.Build.0 = Release|Any CPU
	EndGlobalSection
	GlobalSection(SolutionProperties) = preSolution
		HideSolutionNode = FALSE
	EndGlobalSection
	GlobalSection(ExtensibilityGlobals) = postSolution
		SolutionGuid = {647C3CF5-B76A-4CA4-8883-C7C180C35E7D}
	EndGlobalSection
EndGlobal
