
Microsoft Visual Studio Solution File, Format Version 12.00
# Visual Studio Version 16
VisualStudioVersion = 16.0.30711.63
MinimumVisualStudioVersion = 10.0.40219.1
Project("{FAE04EC0-301F-11D3-BF4B-00C04F79EFBC}") = "ProSoft", "ProSoft.csproj", "{F356D743-142E-4078-BFFD-19D2D62C3926}"
EndProject
Global
	GlobalSection(SolutionConfigurationPlatforms) = preSolution
		Debug|Any CPU = Debug|Any CPU
		Release|Any CPU = Release|Any CPU
	EndGlobalSection
	GlobalSection(ProjectConfigurationPlatforms) = postSolution
		{F356D743-142E-4078-BFFD-19D2D62C3926}.Debug|Any CPU.ActiveCfg = Debug|Any CPU
		{F356D743-142E-4078-BFFD-19D2D62C3926}.Debug|Any CPU.Build.0 = Debug|Any CPU
		{F356D743-142E-4078-BFFD-19D2D62C3926}.Release|Any CPU.ActiveCfg = Release|Any CPU
		{F356D743-142E-4078-BFFD-19D2D62C3926}.Release|Any CPU.Build.0 = Release|Any CPU
	EndGlobalSection
	GlobalSection(SolutionProperties) = preSolution
		HideSolutionNode = FALSE
	EndGlobalSection
	GlobalSection(ExtensibilityGlobals) = postSolution
		SolutionGuid = {FA32C858-65D0-4AE0-8CEA-96CE0B2C0DF7}
	EndGlobalSection
EndGlobal
